// !$*UTF8*$!
{
	archiveVersion = 1;
	classes = {
	};
	objectVersion = 50;
	objects = {

/* Begin PBXBuildFile section */
		E4B51FD2268645E70030AABE /* AppDelegate.swift in Sources */ = {isa = PBXBuildFile; fileRef = E4B51FD1268645E70030AABE /* AppDelegate.swift */; };
		E4B51FD4268645E70030AABE /* SceneDelegate.swift in Sources */ = {isa = PBXBuildFile; fileRef = E4B51FD3268645E70030AABE /* SceneDelegate.swift */; };
		E4B51FD6268645E70030AABE /* ViewController.swift in Sources */ = {isa = PBXBuildFile; fileRef = E4B51FD5268645E70030AABE /* ViewController.swift */; };
		E4B51FD9268645E70030AABE /* Main.storyboard in Resources */ = {isa = PBXBuildFile; fileRef = E4B51FD7268645E70030AABE /* Main.storyboard */; };
		E4B51FDC268645E70030AABE /* MyMoviesApp.xcdatamodeld in Sources */ = {isa = PBXBuildFile; fileRef = E4B51FDA268645E70030AABE /* MyMoviesApp.xcdatamodeld */; };
		E4B51FDE268645E90030AABE /* Assets.xcassets in Resources */ = {isa = PBXBuildFile; fileRef = E4B51FDD268645E90030AABE /* Assets.xcassets */; };
		E4B51FE1268645E90030AABE /* LaunchScreen.storyboard in Resources */ = {isa = PBXBuildFile; fileRef = E4B51FDF268645E90030AABE /* LaunchScreen.storyboard */; };
		E4B51FED268661140030AABE /* MovieManager.swift in Sources */ = {isa = PBXBuildFile; fileRef = E4B51FEC268661140030AABE /* MovieManager.swift */; };
		E4B51FF126866D370030AABE /* Keys.plist in Resources */ = {isa = PBXBuildFile; fileRef = E4B51FF026866D370030AABE /* Keys.plist */; };
/* End PBXBuildFile section */

/* Begin PBXFileReference section */
		E4B51FCE268645E70030AABE /* MyMoviesApp.app */ = {isa = PBXFileReference; explicitFileType = wrapper.application; includeInIndex = 0; path = MyMoviesApp.app; sourceTree = BUILT_PRODUCTS_DIR; };
		E4B51FD1268645E70030AABE /* AppDelegate.swift */ = {isa = PBXFileReference; lastKnownFileType = sourcecode.swift; path = AppDelegate.swift; sourceTree = "<group>"; };
		E4B51FD3268645E70030AABE /* SceneDelegate.swift */ = {isa = PBXFileReference; lastKnownFileType = sourcecode.swift; path = SceneDelegate.swift; sourceTree = "<group>"; };
		E4B51FD5268645E70030AABE /* ViewController.swift */ = {isa = PBXFileReference; lastKnownFileType = sourcecode.swift; path = ViewController.swift; sourceTree = "<group>"; };
		E4B51FD8268645E70030AABE /* Base */ = {isa = PBXFileReference; lastKnownFileType = file.storyboard; name = Base; path = Base.lproj/Main.storyboard; sourceTree = "<group>"; };
		E4B51FDB268645E70030AABE /* MyMoviesApp.xcdatamodel */ = {isa = PBXFileReference; lastKnownFileType = wrapper.xcdatamodel; path = MyMoviesApp.xcdatamodel; sourceTree = "<group>"; };
		E4B51FDD268645E90030AABE /* Assets.xcassets */ = {isa = PBXFileReference; lastKnownFileType = folder.assetcatalog; path = Assets.xcassets; sourceTree = "<group>"; };
		E4B51FE0268645E90030AABE /* Base */ = {isa = PBXFileReference; lastKnownFileType = file.storyboard; name = Base; path = Base.lproj/LaunchScreen.storyboard; sourceTree = "<group>"; };
		E4B51FE2268645E90030AABE /* Info.plist */ = {isa = PBXFileReference; lastKnownFileType = text.plist.xml; path = Info.plist; sourceTree = "<group>"; };
		E4B51FEC268661140030AABE /* MovieManager.swift */ = {isa = PBXFileReference; lastKnownFileType = sourcecode.swift; path = MovieManager.swift; sourceTree = "<group>"; };
		E4B51FF026866D370030AABE /* Keys.plist */ = {isa = PBXFileReference; lastKnownFileType = text.plist.xml; path = Keys.plist; sourceTree = "<group>"; };
/* End PBXFileReference section */

/* Begin PBXFrameworksBuildPhase section */
		E4B51FCB268645E70030AABE /* Frameworks */ = {
			isa = PBXFrameworksBuildPhase;
			buildActionMask = 2147483647;
			files = (
			);
			runOnlyForDeploymentPostprocessing = 0;
		};
/* End PBXFrameworksBuildPhase section */

/* Begin PBXGroup section */
		E4B51FC5268645E70030AABE = {
			isa = PBXGroup;
			children = (
				E4B51FD0268645E70030AABE /* MyMoviesApp */,
				E4B51FCF268645E70030AABE /* Products */,
			);
			sourceTree = "<group>";
		};
		E4B51FCF268645E70030AABE /* Products */ = {
			isa = PBXGroup;
			children = (
				E4B51FCE268645E70030AABE /* MyMoviesApp.app */,
			);
			name = Products;
			sourceTree = "<group>";
		};
		E4B51FD0268645E70030AABE /* MyMoviesApp */ = {
			isa = PBXGroup;
			children = (
				E4B51FD1268645E70030AABE /* AppDelegate.swift */,
				E4B51FD3268645E70030AABE /* SceneDelegate.swift */,
				E4B51FEB268660660030AABE /* Controller */,
				E4B51FEA2686605F0030AABE /* View */,
				E4B51FE9268660570030AABE /* Model */,
				E4B51FDD268645E90030AABE /* Assets.xcassets */,
				E4B51FDF268645E90030AABE /* LaunchScreen.storyboard */,
				E4B51FE2268645E90030AABE /* Info.plist */,
				E4B51FF026866D370030AABE /* Keys.plist */,
				E4B51FDA268645E70030AABE /* MyMoviesApp.xcdatamodeld */,
			);
			path = MyMoviesApp;
			sourceTree = "<group>";
		};
		E4B51FE9268660570030AABE /* Model */ = {
			isa = PBXGroup;
			children = (
				E4B51FEC268661140030AABE /* MovieManager.swift */,
			);
			path = Model;
			sourceTree = "<group>";
		};
		E4B51FEA2686605F0030AABE /* View */ = {
			isa = PBXGroup;
			children = (
				E4B51FD7268645E70030AABE /* Main.storyboard */,
			);
			path = View;
			sourceTree = "<group>";
		};
		E4B51FEB268660660030AABE /* Controller */ = {
			isa = PBXGroup;
			children = (
				E4B51FD5268645E70030AABE /* ViewController.swift */,
			);
			path = Controller;
			sourceTree = "<group>";
		};
/* End PBXGroup section */

/* Begin PBXNativeTarget section */
		E4B51FCD268645E70030AABE /* MyMoviesApp */ = {
			isa = PBXNativeTarget;
			buildConfigurationList = E4B51FE5268645E90030AABE /* Build configuration list for PBXNativeTarget "MyMoviesApp" */;
			buildPhases = (
				E4B51FCA268645E70030AABE /* Sources */,
				E4B51FCB268645E70030AABE /* Frameworks */,
				E4B51FCC268645E70030AABE /* Resources */,
			);
			buildRules = (
			);
			dependencies = (
			);
			name = MyMoviesApp;
			productName = MyMoviesApp;
			productReference = E4B51FCE268645E70030AABE /* MyMoviesApp.app */;
			productType = "com.apple.product-type.application";
		};
/* End PBXNativeTarget section */

/* Begin PBXProject section */
		E4B51FC6268645E70030AABE /* Project object */ = {
			isa = PBXProject;
			attributes = {
				LastSwiftUpdateCheck = 1230;
				LastUpgradeCheck = 1230;
				TargetAttributes = {
					E4B51FCD268645E70030AABE = {
						CreatedOnToolsVersion = 12.3;
					};
				};
			};
			buildConfigurationList = E4B51FC9268645E70030AABE /* Build configuration list for PBXProject "MyMoviesApp" */;
			compatibilityVersion = "Xcode 9.3";
			developmentRegion = en;
			hasScannedForEncodings = 0;
			knownRegions = (
				en,
				Base,
			);
			mainGroup = E4B51FC5268645E70030AABE;
			productRefGroup = E4B51FCF268645E70030AABE /* Products */;
			projectDirPath = "";
			projectRoot = "";
			targets = (
				E4B51FCD268645E70030AABE /* MyMoviesApp */,
			);
		};
/* End PBXProject section */

/* Begin PBXResourcesBuildPhase section */
		E4B51FCC268645E70030AABE /* Resources */ = {
			isa = PBXResourcesBuildPhase;
			buildActionMask = 2147483647;
			files = (
				E4B51FF126866D370030AABE /* Keys.plist in Resources */,
				E4B51FE1268645E90030AABE /* LaunchScreen.storyboard in Resources */,
				E4B51FDE268645E90030AABE /* Assets.xcassets in Resources */,
				E4B51FD9268645E70030AABE /* Main.storyboard in Resources */,
			);
			runOnlyForDeploymentPostprocessing = 0;
		};
/* End PBXResourcesBuildPhase section */

/* Begin PBXSourcesBuildPhase section */
		E4B51FCA268645E70030AABE /* Sources */ = {
			isa = PBXSourcesBuildPhase;
			buildActionMask = 2147483647;
			files = (
				E4B51FD6268645E70030AABE /* ViewController.swift in Sources */,
				E4B51FD2268645E70030AABE /* AppDelegate.swift in Sources */,
				E4B51FED268661140030AABE /* MovieManager.swift in Sources */,
				E4B51FDC268645E70030AABE /* MyMoviesApp.xcdatamodeld in Sources */,
				E4B51FD4268645E70030AABE /* SceneDelegate.swift in Sources */,
			);
			runOnlyForDeploymentPostprocessing = 0;
		};
/* End PBXSourcesBuildPhase section */

/* Begin PBXVariantGroup section */
		E4B51FD7268645E70030AABE /* Main.storyboard */ = {
			isa = PBXVariantGroup;
			children = (
				E4B51FD8268645E70030AABE /* Base */,
			);
			name = Main.storyboard;
			sourceTree = "<group>";
		};
		E4B51FDF268645E90030AABE /* LaunchScreen.storyboard */ = {
			isa = PBXVariantGroup;
			children = (
				E4B51FE0268645E90030AABE /* Base */,
			);
			name = LaunchScreen.storyboard;
			sourceTree = "<group>";
		};
/* End PBXVariantGroup section */

/* Begin XCBuildConfiguration section */
		E4B51FE3268645E90030AABE /* Debug */ = {
			isa = XCBuildConfiguration;
			buildSettings = {
				ALWAYS_SEARCH_USER_PATHS = NO;
				CLANG_ANALYZER_NONNULL = YES;
				CLANG_ANALYZER_NUMBER_OBJECT_CONVERSION = YES_AGGRESSIVE;
				CLANG_CXX_LANGUAGE_STANDARD = "gnu++14";
				CLANG_CXX_LIBRARY = "libc++";
				CLANG_ENABLE_MODULES = YES;
				CLANG_ENABLE_OBJC_ARC = YES;
				CLANG_ENABLE_OBJC_WEAK = YES;
				CLANG_WARN_BLOCK_CAPTURE_AUTORELEASING = YES;
				CLANG_WARN_BOOL_CONVERSION = YES;
				CLANG_WARN_COMMA = YES;
				CLANG_WARN_CONSTANT_CONVERSION = YES;
				CLANG_WARN_DEPRECATED_OBJC_IMPLEMENTATIONS = YES;
				CLANG_WARN_DIRECT_OBJC_ISA_USAGE = YES_ERROR;
				CLANG_WARN_DOCUMENTATION_COMMENTS = YES;
				CLANG_WARN_EMPTY_BODY = YES;
				CLANG_WARN_ENUM_CONVERSION = YES;
				CLANG_WARN_INFINITE_RECURSION = YES;
				CLANG_WARN_INT_CONVERSION = YES;
				CLANG_WARN_NON_LITERAL_NULL_CONVERSION = YES;
				CLANG_WARN_OBJC_IMPLICIT_RETAIN_SELF = YES;
				CLANG_WARN_OBJC_LITERAL_CONVERSION = YES;
				CLANG_WARN_OBJC_ROOT_CLASS = YES_ERROR;
				CLANG_WARN_QUOTED_INCLUDE_IN_FRAMEWORK_HEADER = YES;
				CLANG_WARN_RANGE_LOOP_ANALYSIS = YES;
				CLANG_WARN_STRICT_PROTOTYPES = YES;
				CLANG_WARN_SUSPICIOUS_MOVE = YES;
				CLANG_WARN_UNGUARDED_AVAILABILITY = YES_AGGRESSIVE;
				CLANG_WARN_UNREACHABLE_CODE = YES;
				CLANG_WARN__DUPLICATE_METHOD_MATCH = YES;
				COPY_PHASE_STRIP = NO;
				DEBUG_INFORMATION_FORMAT = dwarf;
				ENABLE_STRICT_OBJC_MSGSEND = YES;
				ENABLE_TESTABILITY = YES;
				GCC_C_LANGUAGE_STANDARD = gnu11;
				GCC_DYNAMIC_NO_PIC = NO;
				GCC_NO_COMMON_BLOCKS = YES;
				GCC_OPTIMIZATION_LEVEL = 0;
				GCC_PREPROCESSOR_DEFINITIONS = (
					"DEBUG=1",
					"$(inherited)",
				);
				GCC_WARN_64_TO_32_BIT_CONVERSION = YES;
				GCC_WARN_ABOUT_RETURN_TYPE = YES_ERROR;
				GCC_WARN_UNDECLARED_SELECTOR = YES;
				GCC_WARN_UNINITIALIZED_AUTOS = YES_AGGRESSIVE;
				GCC_WARN_UNUSED_FUNCTION = YES;
				GCC_WARN_UNUSED_VARIABLE = YES;
				IPHONEOS_DEPLOYMENT_TARGET = 14.3;
				MTL_ENABLE_DEBUG_INFO = INCLUDE_SOURCE;
				MTL_FAST_MATH = YES;
				ONLY_ACTIVE_ARCH = YES;
				SDKROOT = iphoneos;
				SWIFT_ACTIVE_COMPILATION_CONDITIONS = DEBUG;
				SWIFT_OPTIMIZATION_LEVEL = "-Onone";
			};
			name = Debug;
		};
		E4B51FE4268645E90030AABE /* Release */ = {
			isa = XCBuildConfiguration;
			buildSettings = {
				ALWAYS_SEARCH_USER_PATHS = NO;
				CLANG_ANALYZER_NONNULL = YES;
				CLANG_ANALYZER_NUMBER_OBJECT_CONVERSION = YES_AGGRESSIVE;
				CLANG_CXX_LANGUAGE_STANDARD = "gnu++14";
				CLANG_CXX_LIBRARY = "libc++";
				CLANG_ENABLE_MODULES = YES;
				CLANG_ENABLE_OBJC_ARC = YES;
				CLANG_ENABLE_OBJC_WEAK = YES;
				CLANG_WARN_BLOCK_CAPTURE_AUTORELEASING = YES;
				CLANG_WARN_BOOL_CONVERSION = YES;
				CLANG_WARN_COMMA = YES;
				CLANG_WARN_CONSTANT_CONVERSION = YES;
				CLANG_WARN_DEPRECATED_OBJC_IMPLEMENTATIONS = YES;
				CLANG_WARN_DIRECT_OBJC_ISA_USAGE = YES_ERROR;
				CLANG_WARN_DOCUMENTATION_COMMENTS = YES;
				CLANG_WARN_EMPTY_BODY = YES;
				CLANG_WARN_ENUM_CONVERSION = YES;
				CLANG_WARN_INFINITE_RECURSION = YES;
				CLANG_WARN_INT_CONVERSION = YES;
				CLANG_WARN_NON_LITERAL_NULL_CONVERSION = YES;
				CLANG_WARN_OBJC_IMPLICIT_RETAIN_SELF = YES;
				CLANG_WARN_OBJC_LITERAL_CONVERSION = YES;
				CLANG_WARN_OBJC_ROOT_CLASS = YES_ERROR;
				CLANG_WARN_QUOTED_INCLUDE_IN_FRAMEWORK_HEADER = YES;
				CLANG_WARN_RANGE_LOOP_ANALYSIS = YES;
				CLANG_WARN_STRICT_PROTOTYPES = YES;
				CLANG_WARN_SUSPICIOUS_MOVE = YES;
				CLANG_WARN_UNGUARDED_AVAILABILITY = YES_AGGRESSIVE;
				CLANG_WARN_UNREACHABLE_CODE = YES;
				CLANG_WARN__DUPLICATE_METHOD_MATCH = YES;
				COPY_PHASE_STRIP = NO;
				DEBUG_INFORMATION_FORMAT = "dwarf-with-dsym";
				ENABLE_NS_ASSERTIONS = NO;
				ENABLE_STRICT_OBJC_MSGSEND = YES;
				GCC_C_LANGUAGE_STANDARD = gnu11;
				GCC_NO_COMMON_BLOCKS = YES;
				GCC_WARN_64_TO_32_BIT_CONVERSION = YES;
				GCC_WARN_ABOUT_RETURN_TYPE = YES_ERROR;
				GCC_WARN_UNDECLARED_SELECTOR = YES;
				GCC_WARN_UNINITIALIZED_AUTOS = YES_AGGRESSIVE;
				GCC_WARN_UNUSED_FUNCTION = YES;
				GCC_WARN_UNUSED_VARIABLE = YES;
				IPHONEOS_DEPLOYMENT_TARGET = 14.3;
				MTL_ENABLE_DEBUG_INFO = NO;
				MTL_FAST_MATH = YES;
				SDKROOT = iphoneos;
				SWIFT_COMPILATION_MODE = wholemodule;
				SWIFT_OPTIMIZATION_LEVEL = "-O";
				VALIDATE_PRODUCT = YES;
			};
			name = Release;
		};
		E4B51FE6268645E90030AABE /* Debug */ = {
			isa = XCBuildConfiguration;
			buildSettings = {
				ASSETCATALOG_COMPILER_APPICON_NAME = AppIcon;
				ASSETCATALOG_COMPILER_GLOBAL_ACCENT_COLOR_NAME = AccentColor;
				CODE_SIGN_STYLE = Automatic;
				DEVELOPMENT_TEAM = 7XQ5S28AAV;
				INFOPLIST_FILE = MyMoviesApp/Info.plist;
				LD_RUNPATH_SEARCH_PATHS = (
					"$(inherited)",
					"@executable_path/Frameworks",
				);
				PRODUCT_BUNDLE_IDENTIFIER = com.sophie.MyMoviesApp;
				PRODUCT_NAME = "$(TARGET_NAME)";
				SWIFT_VERSION = 5.0;
				TARGETED_DEVICE_FAMILY = "1,2";
			};
			name = Debug;
		};
		E4B51FE7268645E90030AABE /* Release */ = {
			isa = XCBuildConfiguration;
			buildSettings = {
				ASSETCATALOG_COMPILER_APPICON_NAME = AppIcon;
				ASSETCATALOG_COMPILER_GLOBAL_ACCENT_COLOR_NAME = AccentColor;
				CODE_SIGN_STYLE = Automatic;
				DEVELOPMENT_TEAM = 7XQ5S28AAV;
				INFOPLIST_FILE = MyMoviesApp/Info.plist;
				LD_RUNPATH_SEARCH_PATHS = (
					"$(inherited)",
					"@executable_path/Frameworks",
				);
				PRODUCT_BUNDLE_IDENTIFIER = com.sophie.MyMoviesApp;
				PRODUCT_NAME = "$(TARGET_NAME)";
				SWIFT_VERSION = 5.0;
				TARGETED_DEVICE_FAMILY = "1,2";
			};
			name = Release;
		};
/* End XCBuildConfiguration section */

/* Begin XCConfigurationList section */
		E4B51FC9268645E70030AABE /* Build configuration list for PBXProject "MyMoviesApp" */ = {
			isa = XCConfigurationList;
			buildConfigurations = (
				E4B51FE3268645E90030AABE /* Debug */,
				E4B51FE4268645E90030AABE /* Release */,
			);
			defaultConfigurationIsVisible = 0;
			defaultConfigurationName = Release;
		};
		E4B51FE5268645E90030AABE /* Build configuration list for PBXNativeTarget "MyMoviesApp" */ = {
			isa = XCConfigurationList;
			buildConfigurations = (
				E4B51FE6268645E90030AABE /* Debug */,
				E4B51FE7268645E90030AABE /* Release */,
			);
			defaultConfigurationIsVisible = 0;
			defaultConfigurationName = Release;
		};
/* End XCConfigurationList section */

/* Begin XCVersionGroup section */
		E4B51FDA268645E70030AABE /* MyMoviesApp.xcdatamodeld */ = {
			isa = XCVersionGroup;
			children = (
				E4B51FDB268645E70030AABE /* MyMoviesApp.xcdatamodel */,
			);
			currentVersion = E4B51FDB268645E70030AABE /* MyMoviesApp.xcdatamodel */;
			path = MyMoviesApp.xcdatamodeld;
			sourceTree = "<group>";
			versionGroupType = wrapper.xcdatamodel;
		};
/* End XCVersionGroup section */
	};
	rootObject = E4B51FC6268645E70030AABE /* Project object */;
}
